
Microsoft Visual Studio Solution File, Format Version 12.00
# Visual Studio Version 17
VisualStudioVersion = 17.11.35219.272
MinimumVisualStudioVersion = 10.0.40219.1
Project("{9A19103F-16F7-4668-BE54-9A1E7A4F7556}") = "fdup", "fdup.csproj", "{A7F341DE-AEE7-4086-A87A-6DD7CD13E12B}"
EndProject
Global
	GlobalSection(SolutionConfigurationPlatforms) = preSolution
		Debug|Any CPU = Debug|Any CPU
		Release|Any CPU = Release|Any CPU
	EndGlobalSection
	GlobalSection(ProjectConfigurationPlatforms) = postSolution
		{A7F341DE-AEE7-4086-A87A-6DD7CD13E12B}.Debug|Any CPU.ActiveCfg = Debug|Any CPU
		{A7F341DE-AEE7-4086-A87A-6DD7CD13E12B}.Debug|Any CPU.Build.0 = Debug|Any CPU
		{A7F341DE-AEE7-4086-A87A-6DD7CD13E12B}.Release|Any CPU.ActiveCfg = Release|Any CPU
		{A7F341DE-AEE7-4086-A87A-6DD7CD13E12B}.Release|Any CPU.Build.0 = Release|Any CPU
	EndGlobalSection
	GlobalSection(SolutionProperties) = preSolution
		HideSolutionNode = FALSE
	EndGlobalSection
	GlobalSection(ExtensibilityGlobals) = postSolution
		SolutionGuid = {2968765E-7A5B-4DF2-972B-B0CECD5F9124}
	EndGlobalSection
EndGlobal
